{
  "name": "angoti.github.io",
  "lockfileVersion": 2,
  "requires": true,
  "packages": {
    "": {
      "dependencies": {
        "codelab-elements": "^1.0.1"
      }
    },
    "node_modules/codelab-elements": {
      "version": "1.0.1",
      "resolved": "https://registry.npmjs.org/codelab-elements/-/codelab-elements-1.0.1.tgz",
      "integrity": "sha512-scyfP4SXCnGIyI+VNZj5S/RikNQmFZLyU3uw/glOxAv0Ob/E+f+2UbZITJ5k1uYA9RBMr8doC/wEdF4SSyzBDw=="
    }
  },
  "dependencies": {
    "codelab-elements": {
      "version": "1.0.1",
      "resolved": "https://registry.npmjs.org/codelab-elements/-/codelab-elements-1.0.1.tgz",
      "integrity": "sha512-scyfP4SXCnGIyI+VNZj5S/RikNQmFZLyU3uw/glOxAv0Ob/E+f+2UbZITJ5k1uYA9RBMr8doC/wEdF4SSyzBDw=="
    }
  }
}
